
Microsoft Visual Studio Solution File, Format Version 12.00
# Visual Studio Version 16
VisualStudioVersion = 25.0.1704.0
MinimumVisualStudioVersion = 10.0.40219.1
Project("{2150E333-8FDC-42A3-9474-1A3956D46DE8}") = "Domain", "Domain", "{8A2F4F3B-224F-4C20-B893-76B1082FC48E}"
EndProject
Project("{2150E333-8FDC-42A3-9474-1A3956D46DE8}") = "Infra.Bus", "Infra.Bus", "{FA6E2408-D6AB-489F-A274-2CC3DF31D009}"
EndProject
Project("{2150E333-8FDC-42A3-9474-1A3956D46DE8}") = "Infra.IoC", "Infra.IoC", "{A92FABD0-9B27-4ECC-AA07-F33693A5E077}"
EndProject
Project("{2150E333-8FDC-42A3-9474-1A3956D46DE8}") = "Microservices", "Microservices", "{75FE3C63-E02E-476B-AB2A-CD1FCBCD064E}"
EndProject
Project("{2150E333-8FDC-42A3-9474-1A3956D46DE8}") = "Presentation", "Presentation", "{23CC9BEB-98C0-4506-A35D-B79B098E7D2B}"
EndProject
Project("{FAE04EC0-301F-11D3-BF4B-00C04F79EFBC}") = "MicroservicesRabbit.Domain.Core", "MicroservicesRabbit.Domain.Core\MicroservicesRabbit.Domain.Core.csproj", "{BD7C1275-888F-48D1-8823-36CE61F8D1E0}"
EndProject
Project("{FAE04EC0-301F-11D3-BF4B-00C04F79EFBC}") = "MicroservicesRabbit.Infra.Bus", "MicroservicesRabbit.Infra.Bus\MicroservicesRabbit.Infra.Bus.csproj", "{1BBCD543-E01A-4641-9B5D-EF7C9C55AC0D}"
EndProject
Project("{FAE04EC0-301F-11D3-BF4B-00C04F79EFBC}") = "MicroservicesRabbit.Infra.IoC", "MicroservicesRabbit.Infra.IoC\MicroservicesRabbit.Infra.IoC.csproj", "{B2CF68AE-EA32-483B-85BD-ED39EFFCBB1C}"
EndProject
Project("{2150E333-8FDC-42A3-9474-1A3956D46DE8}") = "Banking", "Banking", "{DE9319A9-8EE1-4E1D-8748-FD8FCFCD4319}"
EndProject
Project("{2150E333-8FDC-42A3-9474-1A3956D46DE8}") = "Api", "Api", "{1A5FEA0E-AA8D-411C-8EBF-7839939D5829}"
EndProject
Project("{2150E333-8FDC-42A3-9474-1A3956D46DE8}") = "Application", "Application", "{B529434F-B1A2-4144-A752-089CAEA878A6}"
EndProject
Project("{2150E333-8FDC-42A3-9474-1A3956D46DE8}") = "Data", "Data", "{BFDD0382-A421-4363-945D-D880CDCB9155}"
EndProject
Project("{2150E333-8FDC-42A3-9474-1A3956D46DE8}") = "Domain", "Domain", "{766BFA0A-D1C2-403F-A6A5-AF5AFACC6D11}"
EndProject
Project("{FAE04EC0-301F-11D3-BF4B-00C04F79EFBC}") = "MicroservicesRabbit.Banking.Api", "MicroservicesRabbit.Banking.Api\MicroservicesRabbit.Banking.Api.csproj", "{5E8BAF06-03C7-473E-B2F6-58162C6CB95A}"
EndProject
Project("{FAE04EC0-301F-11D3-BF4B-00C04F79EFBC}") = "MicroservicesRabbit.Banking.Application", "MicroservicesRabbit.Banking.Application\MicroservicesRabbit.Banking.Application.csproj", "{50CBCA2B-6BAC-4212-A120-8E5B16246280}"
EndProject
Project("{FAE04EC0-301F-11D3-BF4B-00C04F79EFBC}") = "MicroservicesRabbit.Banking.Data", "MicroservicesRabbit.Banking.Data\MicroservicesRabbit.Banking.Data.csproj", "{4BF9FE42-8345-400E-8F49-A5C1782D2395}"
EndProject
Project("{FAE04EC0-301F-11D3-BF4B-00C04F79EFBC}") = "MicroservicesRabbit.Banking.Domain", "MicroservicesRabbit.Banking.Domain\MicroservicesRabbit.Banking.Domain.csproj", "{9A8201A8-F6BC-4DF7-BA76-16D82A43935C}"
EndProject
Project("{2150E333-8FDC-42A3-9474-1A3956D46DE8}") = "Transfer", "Transfer", "{96A38681-2311-4850-ADB8-7DC288F4832F}"
EndProject
Project("{2150E333-8FDC-42A3-9474-1A3956D46DE8}") = "Api", "Api", "{6FE4E8A5-37A3-46C9-ABBC-08B18E733C16}"
EndProject
Project("{2150E333-8FDC-42A3-9474-1A3956D46DE8}") = "Application", "Application", "{86182365-88E5-4057-893D-DFDAD52410F7}"
EndProject
Project("{2150E333-8FDC-42A3-9474-1A3956D46DE8}") = "Data", "Data", "{B10D3D95-78CC-4F10-ABDD-634BD4597F6F}"
EndProject
Project("{2150E333-8FDC-42A3-9474-1A3956D46DE8}") = "Domain", "Domain", "{4FF5773F-4910-454F-82D6-99BD66A316D6}"
EndProject
Project("{FAE04EC0-301F-11D3-BF4B-00C04F79EFBC}") = "MicroservicesRabbit.Transfer.Api", "MicroservicesRabbit.Transfer.Api\MicroservicesRabbit.Transfer.Api.csproj", "{488E9E66-A9FB-410D-8310-BC43943E9259}"
EndProject
Project("{FAE04EC0-301F-11D3-BF4B-00C04F79EFBC}") = "MicroservicesRabbit.Transfer.Application", "MicroservicesRabbit.Transfer.Application\MicroservicesRabbit.Transfer.Application.csproj", "{3983FFCE-5520-459A-A2AD-D4431685CD0F}"
EndProject
Project("{FAE04EC0-301F-11D3-BF4B-00C04F79EFBC}") = "MicroservicesRabbit.Transfer.Data", "MicroservicesRabbit.Transfer.Data\MicroservicesRabbit.Transfer.Data.csproj", "{7D37B08A-FE4A-4303-AD95-B0ADB23081AE}"
EndProject
Project("{FAE04EC0-301F-11D3-BF4B-00C04F79EFBC}") = "MicroservicesRabbit.Transfer.Domain", "MicroservicesRabbit.Transfer.Domain\MicroservicesRabbit.Transfer.Domain.csproj", "{D05C676A-D5E7-4692-B5E2-01D47D56D9F0}"
EndProject
Project("{FAE04EC0-301F-11D3-BF4B-00C04F79EFBC}") = "MicroservicesRabbit.MVC", "MicroservicesRabbit.MVC\MicroservicesRabbit.MVC.csproj", "{BB33428D-BFD7-44B3-901F-028F606387D3}"
EndProject
Global
	GlobalSection(SolutionConfigurationPlatforms) = preSolution
		Debug|Any CPU = Debug|Any CPU
		Release|Any CPU = Release|Any CPU
	EndGlobalSection
	GlobalSection(ProjectConfigurationPlatforms) = postSolution
		{BD7C1275-888F-48D1-8823-36CE61F8D1E0}.Debug|Any CPU.ActiveCfg = Debug|Any CPU
		{BD7C1275-888F-48D1-8823-36CE61F8D1E0}.Debug|Any CPU.Build.0 = Debug|Any CPU
		{BD7C1275-888F-48D1-8823-36CE61F8D1E0}.Release|Any CPU.ActiveCfg = Release|Any CPU
		{BD7C1275-888F-48D1-8823-36CE61F8D1E0}.Release|Any CPU.Build.0 = Release|Any CPU
		{1BBCD543-E01A-4641-9B5D-EF7C9C55AC0D}.Debug|Any CPU.ActiveCfg = Debug|Any CPU
		{1BBCD543-E01A-4641-9B5D-EF7C9C55AC0D}.Debug|Any CPU.Build.0 = Debug|Any CPU
		{1BBCD543-E01A-4641-9B5D-EF7C9C55AC0D}.Release|Any CPU.ActiveCfg = Release|Any CPU
		{1BBCD543-E01A-4641-9B5D-EF7C9C55AC0D}.Release|Any CPU.Build.0 = Release|Any CPU
		{B2CF68AE-EA32-483B-85BD-ED39EFFCBB1C}.Debug|Any CPU.ActiveCfg = Debug|Any CPU
		{B2CF68AE-EA32-483B-85BD-ED39EFFCBB1C}.Debug|Any CPU.Build.0 = Debug|Any CPU
		{B2CF68AE-EA32-483B-85BD-ED39EFFCBB1C}.Release|Any CPU.ActiveCfg = Release|Any CPU
		{B2CF68AE-EA32-483B-85BD-ED39EFFCBB1C}.Release|Any CPU.Build.0 = Release|Any CPU
		{5E8BAF06-03C7-473E-B2F6-58162C6CB95A}.Debug|Any CPU.ActiveCfg = Debug|Any CPU
		{5E8BAF06-03C7-473E-B2F6-58162C6CB95A}.Debug|Any CPU.Build.0 = Debug|Any CPU
		{5E8BAF06-03C7-473E-B2F6-58162C6CB95A}.Release|Any CPU.ActiveCfg = Release|Any CPU
		{5E8BAF06-03C7-473E-B2F6-58162C6CB95A}.Release|Any CPU.Build.0 = Release|Any CPU
		{50CBCA2B-6BAC-4212-A120-8E5B16246280}.Debug|Any CPU.ActiveCfg = Debug|Any CPU
		{50CBCA2B-6BAC-4212-A120-8E5B16246280}.Debug|Any CPU.Build.0 = Debug|Any CPU
		{50CBCA2B-6BAC-4212-A120-8E5B16246280}.Release|Any CPU.ActiveCfg = Release|Any CPU
		{50CBCA2B-6BAC-4212-A120-8E5B16246280}.Release|Any CPU.Build.0 = Release|Any CPU
		{4BF9FE42-8345-400E-8F49-A5C1782D2395}.Debug|Any CPU.ActiveCfg = Debug|Any CPU
		{4BF9FE42-8345-400E-8F49-A5C1782D2395}.Debug|Any CPU.Build.0 = Debug|Any CPU
		{4BF9FE42-8345-400E-8F49-A5C1782D2395}.Release|Any CPU.ActiveCfg = Release|Any CPU
		{4BF9FE42-8345-400E-8F49-A5C1782D2395}.Release|Any CPU.Build.0 = Release|Any CPU
		{9A8201A8-F6BC-4DF7-BA76-16D82A43935C}.Debug|Any CPU.ActiveCfg = Debug|Any CPU
		{9A8201A8-F6BC-4DF7-BA76-16D82A43935C}.Debug|Any CPU.Build.0 = Debug|Any CPU
		{9A8201A8-F6BC-4DF7-BA76-16D82A43935C}.Release|Any CPU.ActiveCfg = Release|Any CPU
		{9A8201A8-F6BC-4DF7-BA76-16D82A43935C}.Release|Any CPU.Build.0 = Release|Any CPU
		{488E9E66-A9FB-410D-8310-BC43943E9259}.Debug|Any CPU.ActiveCfg = Debug|Any CPU
		{488E9E66-A9FB-410D-8310-BC43943E9259}.Debug|Any CPU.Build.0 = Debug|Any CPU
		{488E9E66-A9FB-410D-8310-BC43943E9259}.Release|Any CPU.ActiveCfg = Release|Any CPU
		{488E9E66-A9FB-410D-8310-BC43943E9259}.Release|Any CPU.Build.0 = Release|Any CPU
		{3983FFCE-5520-459A-A2AD-D4431685CD0F}.Debug|Any CPU.ActiveCfg = Debug|Any CPU
		{3983FFCE-5520-459A-A2AD-D4431685CD0F}.Debug|Any CPU.Build.0 = Debug|Any CPU
		{3983FFCE-5520-459A-A2AD-D4431685CD0F}.Release|Any CPU.ActiveCfg = Release|Any CPU
		{3983FFCE-5520-459A-A2AD-D4431685CD0F}.Release|Any CPU.Build.0 = Release|Any CPU
		{7D37B08A-FE4A-4303-AD95-B0ADB23081AE}.Debug|Any CPU.ActiveCfg = Debug|Any CPU
		{7D37B08A-FE4A-4303-AD95-B0ADB23081AE}.Debug|Any CPU.Build.0 = Debug|Any CPU
		{7D37B08A-FE4A-4303-AD95-B0ADB23081AE}.Release|Any CPU.ActiveCfg = Release|Any CPU
		{7D37B08A-FE4A-4303-AD95-B0ADB23081AE}.Release|Any CPU.Build.0 = Release|Any CPU
		{D05C676A-D5E7-4692-B5E2-01D47D56D9F0}.Debug|Any CPU.ActiveCfg = Debug|Any CPU
		{D05C676A-D5E7-4692-B5E2-01D47D56D9F0}.Debug|Any CPU.Build.0 = Debug|Any CPU
		{D05C676A-D5E7-4692-B5E2-01D47D56D9F0}.Release|Any CPU.ActiveCfg = Release|Any CPU
		{D05C676A-D5E7-4692-B5E2-01D47D56D9F0}.Release|Any CPU.Build.0 = Release|Any CPU
		{BB33428D-BFD7-44B3-901F-028F606387D3}.Debug|Any CPU.ActiveCfg = Debug|Any CPU
		{BB33428D-BFD7-44B3-901F-028F606387D3}.Debug|Any CPU.Build.0 = Debug|Any CPU
		{BB33428D-BFD7-44B3-901F-028F606387D3}.Release|Any CPU.ActiveCfg = Release|Any CPU
		{BB33428D-BFD7-44B3-901F-028F606387D3}.Release|Any CPU.Build.0 = Release|Any CPU
	EndGlobalSection
	GlobalSection(SolutionProperties) = preSolution
		HideSolutionNode = FALSE
	EndGlobalSection
	GlobalSection(ExtensibilityGlobals) = postSolution
		SolutionGuid = {86DDC27D-F0D4-4B33-AC80-E82F971410CA}
	EndGlobalSection
	GlobalSection(NestedProjects) = preSolution
		{BD7C1275-888F-48D1-8823-36CE61F8D1E0} = {8A2F4F3B-224F-4C20-B893-76B1082FC48E}
		{1BBCD543-E01A-4641-9B5D-EF7C9C55AC0D} = {FA6E2408-D6AB-489F-A274-2CC3DF31D009}
		{B2CF68AE-EA32-483B-85BD-ED39EFFCBB1C} = {A92FABD0-9B27-4ECC-AA07-F33693A5E077}
		{DE9319A9-8EE1-4E1D-8748-FD8FCFCD4319} = {75FE3C63-E02E-476B-AB2A-CD1FCBCD064E}
		{1A5FEA0E-AA8D-411C-8EBF-7839939D5829} = {DE9319A9-8EE1-4E1D-8748-FD8FCFCD4319}
		{B529434F-B1A2-4144-A752-089CAEA878A6} = {DE9319A9-8EE1-4E1D-8748-FD8FCFCD4319}
		{BFDD0382-A421-4363-945D-D880CDCB9155} = {DE9319A9-8EE1-4E1D-8748-FD8FCFCD4319}
		{766BFA0A-D1C2-403F-A6A5-AF5AFACC6D11} = {DE9319A9-8EE1-4E1D-8748-FD8FCFCD4319}
		{5E8BAF06-03C7-473E-B2F6-58162C6CB95A} = {1A5FEA0E-AA8D-411C-8EBF-7839939D5829}
		{50CBCA2B-6BAC-4212-A120-8E5B16246280} = {B529434F-B1A2-4144-A752-089CAEA878A6}
		{4BF9FE42-8345-400E-8F49-A5C1782D2395} = {BFDD0382-A421-4363-945D-D880CDCB9155}
		{9A8201A8-F6BC-4DF7-BA76-16D82A43935C} = {766BFA0A-D1C2-403F-A6A5-AF5AFACC6D11}
		{96A38681-2311-4850-ADB8-7DC288F4832F} = {75FE3C63-E02E-476B-AB2A-CD1FCBCD064E}
		{6FE4E8A5-37A3-46C9-ABBC-08B18E733C16} = {96A38681-2311-4850-ADB8-7DC288F4832F}
		{86182365-88E5-4057-893D-DFDAD52410F7} = {96A38681-2311-4850-ADB8-7DC288F4832F}
		{B10D3D95-78CC-4F10-ABDD-634BD4597F6F} = {96A38681-2311-4850-ADB8-7DC288F4832F}
		{4FF5773F-4910-454F-82D6-99BD66A316D6} = {96A38681-2311-4850-ADB8-7DC288F4832F}
		{488E9E66-A9FB-410D-8310-BC43943E9259} = {6FE4E8A5-37A3-46C9-ABBC-08B18E733C16}
		{3983FFCE-5520-459A-A2AD-D4431685CD0F} = {86182365-88E5-4057-893D-DFDAD52410F7}
		{7D37B08A-FE4A-4303-AD95-B0ADB23081AE} = {B10D3D95-78CC-4F10-ABDD-634BD4597F6F}
		{D05C676A-D5E7-4692-B5E2-01D47D56D9F0} = {4FF5773F-4910-454F-82D6-99BD66A316D6}
		{BB33428D-BFD7-44B3-901F-028F606387D3} = {23CC9BEB-98C0-4506-A35D-B79B098E7D2B}
	EndGlobalSection
EndGlobal
